// !$*UTF8*$!
{
	archiveVersion = 1;
	classes = {
	};
	objectVersion = 48;
	objects = {

/* Begin PBXBuildFile section */
		45FCBA8576501A083CEF296D /* Pods_ExampleMVVMiOSTests.framework in Frameworks */ = {isa = PBXBuildFile; fileRef = 9A5A55BF59F7CA297E6AD029 /* Pods_ExampleMVVMiOSTests.framework */; };
		7F69EE032DB46410A2B30C51 /* Pods_ExampleMVVMiOSUITests.framework in Frameworks */ = {isa = PBXBuildFile; fileRef = F86A0BCFA67FE13449E5B582 /* Pods_ExampleMVVMiOSUITests.framework */; };
		805208192007036C0054B901 /* ServiceManager.swift in Sources */ = {isa = PBXBuildFile; fileRef = 805208182007036C0054B901 /* ServiceManager.swift */; };
		8052081C200703A10054B901 /* ServiceContract.swift in Sources */ = {isa = PBXBuildFile; fileRef = 8052081B200703A10054B901 /* ServiceContract.swift */; };
		8052081E200706200054B901 /* API.swift in Sources */ = {isa = PBXBuildFile; fileRef = 8052081D200706200054B901 /* API.swift */; };
		80520821200708B50054B901 /* PetParser.swift in Sources */ = {isa = PBXBuildFile; fileRef = 80520820200708B50054B901 /* PetParser.swift */; };
		8052082320070A050054B901 /* BaseParser.swift in Sources */ = {isa = PBXBuildFile; fileRef = 8052082220070A050054B901 /* BaseParser.swift */; };
		8052082520071DF10054B901 /* BaseCell.swift in Sources */ = {isa = PBXBuildFile; fileRef = 8052082420071DF10054B901 /* BaseCell.swift */; };
		8052082820071E090054B901 /* PetCell.swift in Sources */ = {isa = PBXBuildFile; fileRef = 8052082720071E090054B901 /* PetCell.swift */; };
		8052082A200732890054B901 /* PetsViewModel.swift in Sources */ = {isa = PBXBuildFile; fileRef = 80520829200732890054B901 /* PetsViewModel.swift */; };
		8066D7CD200F009200DF22C6 /* CustomTabBarController.swift in Sources */ = {isa = PBXBuildFile; fileRef = 8066D7CC200F009200DF22C6 /* CustomTabBarController.swift */; };
		8066D7D0200F03CF00DF22C6 /* SearchController.swift in Sources */ = {isa = PBXBuildFile; fileRef = 8066D7CF200F03CF00DF22C6 /* SearchController.swift */; };
		8066D7D2200F03EC00DF22C6 /* SearchViewModel.swift in Sources */ = {isa = PBXBuildFile; fileRef = 8066D7D1200F03EC00DF22C6 /* SearchViewModel.swift */; };
		8066D7D4200F044D00DF22C6 /* LeftPaddedTextField.swift in Sources */ = {isa = PBXBuildFile; fileRef = 8066D7D3200F044D00DF22C6 /* LeftPaddedTextField.swift */; };
		806826D22005B5AF00479FB6 /* AppDelegate.swift in Sources */ = {isa = PBXBuildFile; fileRef = 806826D12005B5AF00479FB6 /* AppDelegate.swift */; };
		806826D72005B5B000479FB6 /* Main.storyboard in Resources */ = {isa = PBXBuildFile; fileRef = 806826D52005B5B000479FB6 /* Main.storyboard */; };
		806826D92005B5B000479FB6 /* Assets.xcassets in Resources */ = {isa = PBXBuildFile; fileRef = 806826D82005B5B000479FB6 /* Assets.xcassets */; };
		806826DC2005B5B000479FB6 /* LaunchScreen.storyboard in Resources */ = {isa = PBXBuildFile; fileRef = 806826DA2005B5B000479FB6 /* LaunchScreen.storyboard */; };
		806826E72005B5B000479FB6 /* ExampleMVVMiOSTests.swift in Sources */ = {isa = PBXBuildFile; fileRef = 806826E62005B5B000479FB6 /* ExampleMVVMiOSTests.swift */; };
		806826F22005B5B000479FB6 /* ExampleMVVMiOSUITests.swift in Sources */ = {isa = PBXBuildFile; fileRef = 806826F12005B5B000479FB6 /* ExampleMVVMiOSUITests.swift */; };
		806827002005CCD700479FB6 /* Pet.swift in Sources */ = {isa = PBXBuildFile; fileRef = 806826FF2005CCD700479FB6 /* Pet.swift */; };
		806827062005D25D00479FB6 /* MainNavigationController.swift in Sources */ = {isa = PBXBuildFile; fileRef = 806827052005D25D00479FB6 /* MainNavigationController.swift */; };
		806827082005D2FE00479FB6 /* PetsCollectionController.swift in Sources */ = {isa = PBXBuildFile; fileRef = 806827072005D2FE00479FB6 /* PetsCollectionController.swift */; };
		8068270B2005D8A300479FB6 /* BaseCollectionController.swift in Sources */ = {isa = PBXBuildFile; fileRef = 8068270A2005D8A300479FB6 /* BaseCollectionController.swift */; };
		8068270D2005D90200479FB6 /* ViewExtensions.swift in Sources */ = {isa = PBXBuildFile; fileRef = 8068270C2005D90200479FB6 /* ViewExtensions.swift */; };
		8068270F2005D94F00479FB6 /* UtilsExtensions.swift in Sources */ = {isa = PBXBuildFile; fileRef = 8068270E2005D94F00479FB6 /* UtilsExtensions.swift */; };
		806827122005E10B00479FB6 /* ControllerContract.swift in Sources */ = {isa = PBXBuildFile; fileRef = 806827112005E10B00479FB6 /* ControllerContract.swift */; };
		80C7B3F72009AF4D00450393 /* PetsViewModelRepresentable.swift in Sources */ = {isa = PBXBuildFile; fileRef = 80C7B3F62009AF4D00450393 /* PetsViewModelRepresentable.swift */; };
		80C7B3F92009C42D00450393 /* PetsViewModelDelegate.swift in Sources */ = {isa = PBXBuildFile; fileRef = 80C7B3F82009C42D00450393 /* PetsViewModelDelegate.swift */; };
		80EFCC00200DAF3A0002091D /* PetDetailController.swift in Sources */ = {isa = PBXBuildFile; fileRef = 80EFCBFF200DAF3A0002091D /* PetDetailController.swift */; };
		80EFCC02200DAF860002091D /* BaseController.swift in Sources */ = {isa = PBXBuildFile; fileRef = 80EFCC01200DAF860002091D /* BaseController.swift */; };
		80EFCC04200DB09B0002091D /* PetDetailViewModel.swift in Sources */ = {isa = PBXBuildFile; fileRef = 80EFCC03200DB09B0002091D /* PetDetailViewModel.swift */; };
		80EFCC06200DB0C90002091D /* PetDetailModelRepresentable.swift in Sources */ = {isa = PBXBuildFile; fileRef = 80EFCC05200DB0C90002091D /* PetDetailModelRepresentable.swift */; };
		FA6499F41B63E82ED7AF9159 /* Pods_ExampleMVVMiOS.framework in Frameworks */ = {isa = PBXBuildFile; fileRef = 6516D774B83078E9A0A306B1 /* Pods_ExampleMVVMiOS.framework */; };
/* End PBXBuildFile section */

/* Begin PBXContainerItemProxy section */
		806826E32005B5B000479FB6 /* PBXContainerItemProxy */ = {
			isa = PBXContainerItemProxy;
			containerPortal = 806826C62005B5AF00479FB6 /* Project object */;
			proxyType = 1;
			remoteGlobalIDString = 806826CD2005B5AF00479FB6;
			remoteInfo = ExampleMVVMiOS;
		};
		806826EE2005B5B000479FB6 /* PBXContainerItemProxy */ = {
			isa = PBXContainerItemProxy;
			containerPortal = 806826C62005B5AF00479FB6 /* Project object */;
			proxyType = 1;
			remoteGlobalIDString = 806826CD2005B5AF00479FB6;
			remoteInfo = ExampleMVVMiOS;
		};
/* End PBXContainerItemProxy section */

/* Begin PBXFileReference section */
		1CD9D26AAF9C5A36D9598C51 /* Pods-ExampleMVVMiOS.release.xcconfig */ = {isa = PBXFileReference; includeInIndex = 1; lastKnownFileType = text.xcconfig; name = "Pods-ExampleMVVMiOS.release.xcconfig"; path = "Pods/Target Support Files/Pods-ExampleMVVMiOS/Pods-ExampleMVVMiOS.release.xcconfig"; sourceTree = "<group>"; };
		1E8ECB5F46B0D0E81A3964B9 /* Pods-ExampleMVVMiOSUITests.debug.xcconfig */ = {isa = PBXFileReference; includeInIndex = 1; lastKnownFileType = text.xcconfig; name = "Pods-ExampleMVVMiOSUITests.debug.xcconfig"; path = "Pods/Target Support Files/Pods-ExampleMVVMiOSUITests/Pods-ExampleMVVMiOSUITests.debug.xcconfig"; sourceTree = "<group>"; };
		284D12C28114B1786897C3E4 /* Pods-ExampleMVVMiOSUITests.release.xcconfig */ = {isa = PBXFileReference; includeInIndex = 1; lastKnownFileType = text.xcconfig; name = "Pods-ExampleMVVMiOSUITests.release.xcconfig"; path = "Pods/Target Support Files/Pods-ExampleMVVMiOSUITests/Pods-ExampleMVVMiOSUITests.release.xcconfig"; sourceTree = "<group>"; };
		6516D774B83078E9A0A306B1 /* Pods_ExampleMVVMiOS.framework */ = {isa = PBXFileReference; explicitFileType = wrapper.framework; includeInIndex = 0; path = Pods_ExampleMVVMiOS.framework; sourceTree = BUILT_PRODUCTS_DIR; };
		6B1C0F12CA366CBD9C39F8C6 /* Pods-ExampleMVVMiOSTests.release.xcconfig */ = {isa = PBXFileReference; includeInIndex = 1; lastKnownFileType = text.xcconfig; name = "Pods-ExampleMVVMiOSTests.release.xcconfig"; path = "Pods/Target Support Files/Pods-ExampleMVVMiOSTests/Pods-ExampleMVVMiOSTests.release.xcconfig"; sourceTree = "<group>"; };
		805208182007036C0054B901 /* ServiceManager.swift */ = {isa = PBXFileReference; lastKnownFileType = sourcecode.swift; path = ServiceManager.swift; sourceTree = "<group>"; };
		8052081B200703A10054B901 /* ServiceContract.swift */ = {isa = PBXFileReference; lastKnownFileType = sourcecode.swift; path = ServiceContract.swift; sourceTree = "<group>"; };
		8052081D200706200054B901 /* API.swift */ = {isa = PBXFileReference; lastKnownFileType = sourcecode.swift; path = API.swift; sourceTree = "<group>"; };
		80520820200708B50054B901 /* PetParser.swift */ = {isa = PBXFileReference; lastKnownFileType = sourcecode.swift; path = PetParser.swift; sourceTree = "<group>"; };
		8052082220070A050054B901 /* BaseParser.swift */ = {isa = PBXFileReference; lastKnownFileType = sourcecode.swift; path = BaseParser.swift; sourceTree = "<group>"; };
		8052082420071DF10054B901 /* BaseCell.swift */ = {isa = PBXFileReference; lastKnownFileType = sourcecode.swift; path = BaseCell.swift; sourceTree = "<group>"; };
		8052082720071E090054B901 /* PetCell.swift */ = {isa = PBXFileReference; lastKnownFileType = sourcecode.swift; path = PetCell.swift; sourceTree = "<group>"; };
		80520829200732890054B901 /* PetsViewModel.swift */ = {isa = PBXFileReference; lastKnownFileType = sourcecode.swift; path = PetsViewModel.swift; sourceTree = "<group>"; };
		8066D7CC200F009200DF22C6 /* CustomTabBarController.swift */ = {isa = PBXFileReference; lastKnownFileType = sourcecode.swift; path = CustomTabBarController.swift; sourceTree = "<group>"; };
		8066D7CF200F03CF00DF22C6 /* SearchController.swift */ = {isa = PBXFileReference; lastKnownFileType = sourcecode.swift; path = SearchController.swift; sourceTree = "<group>"; };
		8066D7D1200F03EC00DF22C6 /* SearchViewModel.swift */ = {isa = PBXFileReference; lastKnownFileType = sourcecode.swift; path = SearchViewModel.swift; sourceTree = "<group>"; };
		8066D7D3200F044D00DF22C6 /* LeftPaddedTextField.swift */ = {isa = PBXFileReference; fileEncoding = 4; lastKnownFileType = sourcecode.swift; path = LeftPaddedTextField.swift; sourceTree = "<group>"; };
		806826CE2005B5AF00479FB6 /* ExampleMVVMiOS.app */ = {isa = PBXFileReference; explicitFileType = wrapper.application; includeInIndex = 0; path = ExampleMVVMiOS.app; sourceTree = BUILT_PRODUCTS_DIR; };
		806826D12005B5AF00479FB6 /* AppDelegate.swift */ = {isa = PBXFileReference; lastKnownFileType = sourcecode.swift; path = AppDelegate.swift; sourceTree = "<group>"; };
		806826D62005B5B000479FB6 /* Base */ = {isa = PBXFileReference; lastKnownFileType = file.storyboard; name = Base; path = Base.lproj/Main.storyboard; sourceTree = "<group>"; };
		806826D82005B5B000479FB6 /* Assets.xcassets */ = {isa = PBXFileReference; lastKnownFileType = folder.assetcatalog; path = Assets.xcassets; sourceTree = "<group>"; };
		806826DB2005B5B000479FB6 /* Base */ = {isa = PBXFileReference; lastKnownFileType = file.storyboard; name = Base; path = Base.lproj/LaunchScreen.storyboard; sourceTree = "<group>"; };
		806826DD2005B5B000479FB6 /* Info.plist */ = {isa = PBXFileReference; lastKnownFileType = text.plist.xml; path = Info.plist; sourceTree = "<group>"; };
		806826E22005B5B000479FB6 /* ExampleMVVMiOSTests.xctest */ = {isa = PBXFileReference; explicitFileType = wrapper.cfbundle; includeInIndex = 0; path = ExampleMVVMiOSTests.xctest; sourceTree = BUILT_PRODUCTS_DIR; };
		806826E62005B5B000479FB6 /* ExampleMVVMiOSTests.swift */ = {isa = PBXFileReference; lastKnownFileType = sourcecode.swift; path = ExampleMVVMiOSTests.swift; sourceTree = "<group>"; };
		806826E82005B5B000479FB6 /* Info.plist */ = {isa = PBXFileReference; lastKnownFileType = text.plist.xml; path = Info.plist; sourceTree = "<group>"; };
		806826ED2005B5B000479FB6 /* ExampleMVVMiOSUITests.xctest */ = {isa = PBXFileReference; explicitFileType = wrapper.cfbundle; includeInIndex = 0; path = ExampleMVVMiOSUITests.xctest; sourceTree = BUILT_PRODUCTS_DIR; };
		806826F12005B5B000479FB6 /* ExampleMVVMiOSUITests.swift */ = {isa = PBXFileReference; lastKnownFileType = sourcecode.swift; path = ExampleMVVMiOSUITests.swift; sourceTree = "<group>"; };
		806826F32005B5B000479FB6 /* Info.plist */ = {isa = PBXFileReference; lastKnownFileType = text.plist.xml; path = Info.plist; sourceTree = "<group>"; };
		806826FF2005CCD700479FB6 /* Pet.swift */ = {isa = PBXFileReference; lastKnownFileType = sourcecode.swift; path = Pet.swift; sourceTree = "<group>"; };
		806827052005D25D00479FB6 /* MainNavigationController.swift */ = {isa = PBXFileReference; lastKnownFileType = sourcecode.swift; path = MainNavigationController.swift; sourceTree = "<group>"; };
		806827072005D2FE00479FB6 /* PetsCollectionController.swift */ = {isa = PBXFileReference; lastKnownFileType = sourcecode.swift; path = PetsCollectionController.swift; sourceTree = "<group>"; };
		8068270A2005D8A300479FB6 /* BaseCollectionController.swift */ = {isa = PBXFileReference; lastKnownFileType = sourcecode.swift; path = BaseCollectionController.swift; sourceTree = "<group>"; };
		8068270C2005D90200479FB6 /* ViewExtensions.swift */ = {isa = PBXFileReference; lastKnownFileType = sourcecode.swift; path = ViewExtensions.swift; sourceTree = "<group>"; };
		8068270E2005D94F00479FB6 /* UtilsExtensions.swift */ = {isa = PBXFileReference; lastKnownFileType = sourcecode.swift; path = UtilsExtensions.swift; sourceTree = "<group>"; };
		806827112005E10B00479FB6 /* ControllerContract.swift */ = {isa = PBXFileReference; lastKnownFileType = sourcecode.swift; path = ControllerContract.swift; sourceTree = "<group>"; };
		80C7B3F62009AF4D00450393 /* PetsViewModelRepresentable.swift */ = {isa = PBXFileReference; lastKnownFileType = sourcecode.swift; path = PetsViewModelRepresentable.swift; sourceTree = "<group>"; };
		80C7B3F82009C42D00450393 /* PetsViewModelDelegate.swift */ = {isa = PBXFileReference; lastKnownFileType = sourcecode.swift; path = PetsViewModelDelegate.swift; sourceTree = "<group>"; };
		80EFCBFF200DAF3A0002091D /* PetDetailController.swift */ = {isa = PBXFileReference; lastKnownFileType = sourcecode.swift; path = PetDetailController.swift; sourceTree = "<group>"; };
		80EFCC01200DAF860002091D /* BaseController.swift */ = {isa = PBXFileReference; lastKnownFileType = sourcecode.swift; path = BaseController.swift; sourceTree = "<group>"; };
		80EFCC03200DB09B0002091D /* PetDetailViewModel.swift */ = {isa = PBXFileReference; lastKnownFileType = sourcecode.swift; path = PetDetailViewModel.swift; sourceTree = "<group>"; };
		80EFCC05200DB0C90002091D /* PetDetailModelRepresentable.swift */ = {isa = PBXFileReference; lastKnownFileType = sourcecode.swift; path = PetDetailModelRepresentable.swift; sourceTree = "<group>"; };
		9A5A55BF59F7CA297E6AD029 /* Pods_ExampleMVVMiOSTests.framework */ = {isa = PBXFileReference; explicitFileType = wrapper.framework; includeInIndex = 0; path = Pods_ExampleMVVMiOSTests.framework; sourceTree = BUILT_PRODUCTS_DIR; };
		A4C37A4A02647C3E881AD9E5 /* Pods-ExampleMVVMiOS.debug.xcconfig */ = {isa = PBXFileReference; includeInIndex = 1; lastKnownFileType = text.xcconfig; name = "Pods-ExampleMVVMiOS.debug.xcconfig"; path = "Pods/Target Support Files/Pods-ExampleMVVMiOS/Pods-ExampleMVVMiOS.debug.xcconfig"; sourceTree = "<group>"; };
		E06C06E188043D9A1CBAB845 /* Pods-ExampleMVVMiOSTests.debug.xcconfig */ = {isa = PBXFileReference; includeInIndex = 1; lastKnownFileType = text.xcconfig; name = "Pods-ExampleMVVMiOSTests.debug.xcconfig"; path = "Pods/Target Support Files/Pods-ExampleMVVMiOSTests/Pods-ExampleMVVMiOSTests.debug.xcconfig"; sourceTree = "<group>"; };
		F86A0BCFA67FE13449E5B582 /* Pods_ExampleMVVMiOSUITests.framework */ = {isa = PBXFileReference; explicitFileType = wrapper.framework; includeInIndex = 0; path = Pods_ExampleMVVMiOSUITests.framework; sourceTree = BUILT_PRODUCTS_DIR; };
/* End PBXFileReference section */

/* Begin PBXFrameworksBuildPhase section */
		806826CB2005B5AF00479FB6 /* Frameworks */ = {
			isa = PBXFrameworksBuildPhase;
			buildActionMask = 2147483647;
			files = (
				FA6499F41B63E82ED7AF9159 /* Pods_ExampleMVVMiOS.framework in Frameworks */,
			);
			runOnlyForDeploymentPostprocessing = 0;
		};
		806826DF2005B5B000479FB6 /* Frameworks */ = {
			isa = PBXFrameworksBuildPhase;
			buildActionMask = 2147483647;
			files = (
				45FCBA8576501A083CEF296D /* Pods_ExampleMVVMiOSTests.framework in Frameworks */,
			);
			runOnlyForDeploymentPostprocessing = 0;
		};
		806826EA2005B5B000479FB6 /* Frameworks */ = {
			isa = PBXFrameworksBuildPhase;
			buildActionMask = 2147483647;
			files = (
				7F69EE032DB46410A2B30C51 /* Pods_ExampleMVVMiOSUITests.framework in Frameworks */,
			);
			runOnlyForDeploymentPostprocessing = 0;
		};
/* End PBXFrameworksBuildPhase section */

/* Begin PBXGroup section */
		0F26919903C43249C9F23E7C /* Pods */ = {
			isa = PBXGroup;
			children = (
				A4C37A4A02647C3E881AD9E5 /* Pods-ExampleMVVMiOS.debug.xcconfig */,
				1CD9D26AAF9C5A36D9598C51 /* Pods-ExampleMVVMiOS.release.xcconfig */,
				E06C06E188043D9A1CBAB845 /* Pods-ExampleMVVMiOSTests.debug.xcconfig */,
				6B1C0F12CA366CBD9C39F8C6 /* Pods-ExampleMVVMiOSTests.release.xcconfig */,
				1E8ECB5F46B0D0E81A3964B9 /* Pods-ExampleMVVMiOSUITests.debug.xcconfig */,
				284D12C28114B1786897C3E4 /* Pods-ExampleMVVMiOSUITests.release.xcconfig */,
			);
			name = Pods;
			sourceTree = "<group>";
		};
		8052081A200703730054B901 /* ApiService */ = {
			isa = PBXGroup;
			children = (
				805208182007036C0054B901 /* ServiceManager.swift */,
				8052081B200703A10054B901 /* ServiceContract.swift */,
				8052081D200706200054B901 /* API.swift */,
			);
			path = ApiService;
			sourceTree = "<group>";
		};
		8052081F200708A50054B901 /* parsers */ = {
			isa = PBXGroup;
			children = (
				80520820200708B50054B901 /* PetParser.swift */,
				8052082220070A050054B901 /* BaseParser.swift */,
			);
			path = parsers;
			sourceTree = "<group>";
		};
		8052082620071DF70054B901 /* pets */ = {
			isa = PBXGroup;
			children = (
				8052082720071E090054B901 /* PetCell.swift */,
				80C7B3F62009AF4D00450393 /* PetsViewModelRepresentable.swift */,
				80520829200732890054B901 /* PetsViewModel.swift */,
				80C7B3F82009C42D00450393 /* PetsViewModelDelegate.swift */,
				806827072005D2FE00479FB6 /* PetsCollectionController.swift */,
			);
			path = pets;
			sourceTree = "<group>";
		};
		8066D7CE200F034B00DF22C6 /* search */ = {
			isa = PBXGroup;
			children = (
				8066D7D1200F03EC00DF22C6 /* SearchViewModel.swift */,
				8066D7CF200F03CF00DF22C6 /* SearchController.swift */,
			);
			path = search;
			sourceTree = "<group>";
		};
		806826C52005B5AF00479FB6 = {
			isa = PBXGroup;
			children = (
				806826D02005B5AF00479FB6 /* ExampleMVVMiOS */,
				806826E52005B5B000479FB6 /* ExampleMVVMiOSTests */,
				806826F02005B5B000479FB6 /* ExampleMVVMiOSUITests */,
				806826CF2005B5AF00479FB6 /* Products */,
				0F26919903C43249C9F23E7C /* Pods */,
				A86C609B6966F6C6B780DB1C /* Frameworks */,
			);
			sourceTree = "<group>";
		};
		806826CF2005B5AF00479FB6 /* Products */ = {
			isa = PBXGroup;
			children = (
				806826CE2005B5AF00479FB6 /* ExampleMVVMiOS.app */,
				806826E22005B5B000479FB6 /* ExampleMVVMiOSTests.xctest */,
				806826ED2005B5B000479FB6 /* ExampleMVVMiOSUITests.xctest */,
			);
			name = Products;
			sourceTree = "<group>";
		};
		806826D02005B5AF00479FB6 /* ExampleMVVMiOS */ = {
			isa = PBXGroup;
			children = (
				8052081A200703730054B901 /* ApiService */,
				806827032005CD0700479FB6 /* Model */,
				806827042005D0A100479FB6 /* UI */,
				806826D12005B5AF00479FB6 /* AppDelegate.swift */,
				806826D52005B5B000479FB6 /* Main.storyboard */,
				806826D82005B5B000479FB6 /* Assets.xcassets */,
				806826DA2005B5B000479FB6 /* LaunchScreen.storyboard */,
				806826DD2005B5B000479FB6 /* Info.plist */,
			);
			path = ExampleMVVMiOS;
			sourceTree = "<group>";
		};
		806826E52005B5B000479FB6 /* ExampleMVVMiOSTests */ = {
			isa = PBXGroup;
			children = (
				806826E62005B5B000479FB6 /* ExampleMVVMiOSTests.swift */,
				806826E82005B5B000479FB6 /* Info.plist */,
			);
			path = ExampleMVVMiOSTests;
			sourceTree = "<group>";
		};
		806826F02005B5B000479FB6 /* ExampleMVVMiOSUITests */ = {
			isa = PBXGroup;
			children = (
				806826F12005B5B000479FB6 /* ExampleMVVMiOSUITests.swift */,
				806826F32005B5B000479FB6 /* Info.plist */,
			);
			path = ExampleMVVMiOSUITests;
			sourceTree = "<group>";
		};
		806827032005CD0700479FB6 /* Model */ = {
			isa = PBXGroup;
			children = (
				8052081F200708A50054B901 /* parsers */,
				806826FF2005CCD700479FB6 /* Pet.swift */,
			);
			path = Model;
			sourceTree = "<group>";
		};
		806827042005D0A100479FB6 /* UI */ = {
			isa = PBXGroup;
			children = (
				806827092005D87900479FB6 /* base */,
				8052082620071DF70054B901 /* pets */,
				80EFCBFE200DAE8D0002091D /* petDetail */,
				8066D7CE200F034B00DF22C6 /* search */,
				806827102005D96B00479FB6 /* helper */,
				806827052005D25D00479FB6 /* MainNavigationController.swift */,
				8066D7CC200F009200DF22C6 /* CustomTabBarController.swift */,
			);
			path = UI;
			sourceTree = "<group>";
		};
		806827092005D87900479FB6 /* base */ = {
			isa = PBXGroup;
			children = (
				806827112005E10B00479FB6 /* ControllerContract.swift */,
				8068270A2005D8A300479FB6 /* BaseCollectionController.swift */,
				8052082420071DF10054B901 /* BaseCell.swift */,
				80EFCC01200DAF860002091D /* BaseController.swift */,
			);
			path = base;
			sourceTree = "<group>";
		};
		806827102005D96B00479FB6 /* helper */ = {
			isa = PBXGroup;
			children = (
				8066D7D3200F044D00DF22C6 /* LeftPaddedTextField.swift */,
				8068270C2005D90200479FB6 /* ViewExtensions.swift */,
				8068270E2005D94F00479FB6 /* UtilsExtensions.swift */,
			);
			path = helper;
			sourceTree = "<group>";
		};
		80EFCBFE200DAE8D0002091D /* petDetail */ = {
			isa = PBXGroup;
			children = (
				80EFCC05200DB0C90002091D /* PetDetailModelRepresentable.swift */,
				80EFCC03200DB09B0002091D /* PetDetailViewModel.swift */,
				80EFCBFF200DAF3A0002091D /* PetDetailController.swift */,
			);
			path = petDetail;
			sourceTree = "<group>";
		};
		A86C609B6966F6C6B780DB1C /* Frameworks */ = {
			isa = PBXGroup;
			children = (
				6516D774B83078E9A0A306B1 /* Pods_ExampleMVVMiOS.framework */,
				9A5A55BF59F7CA297E6AD029 /* Pods_ExampleMVVMiOSTests.framework */,
				F86A0BCFA67FE13449E5B582 /* Pods_ExampleMVVMiOSUITests.framework */,
			);
			name = Frameworks;
			sourceTree = "<group>";
		};
/* End PBXGroup section */

/* Begin PBXNativeTarget section */
		806826CD2005B5AF00479FB6 /* ExampleMVVMiOS */ = {
			isa = PBXNativeTarget;
			buildConfigurationList = 806826F62005B5B000479FB6 /* Build configuration list for PBXNativeTarget "ExampleMVVMiOS" */;
			buildPhases = (
				23BA88A448B1C11B3618B674 /* [CP] Check Pods Manifest.lock */,
				806826CA2005B5AF00479FB6 /* Sources */,
				806826CB2005B5AF00479FB6 /* Frameworks */,
				806826CC2005B5AF00479FB6 /* Resources */,
				739D6E6951F228DFDC4C04C9 /* [CP] Embed Pods Frameworks */,
			);
			buildRules = (
			);
			dependencies = (
			);
			name = ExampleMVVMiOS;
			productName = ExampleMVVMiOS;
			productReference = 806826CE2005B5AF00479FB6 /* ExampleMVVMiOS.app */;
			productType = "com.apple.product-type.application";
		};
		806826E12005B5B000479FB6 /* ExampleMVVMiOSTests */ = {
			isa = PBXNativeTarget;
			buildConfigurationList = 806826F92005B5B000479FB6 /* Build configuration list for PBXNativeTarget "ExampleMVVMiOSTests" */;
			buildPhases = (
				A35671D50F18A38352DA855B /* [CP] Check Pods Manifest.lock */,
				806826DE2005B5B000479FB6 /* Sources */,
				806826DF2005B5B000479FB6 /* Frameworks */,
				806826E02005B5B000479FB6 /* Resources */,
			);
			buildRules = (
			);
			dependencies = (
				806826E42005B5B000479FB6 /* PBXTargetDependency */,
			);
			name = ExampleMVVMiOSTests;
			productName = ExampleMVVMiOSTests;
			productReference = 806826E22005B5B000479FB6 /* ExampleMVVMiOSTests.xctest */;
			productType = "com.apple.product-type.bundle.unit-test";
		};
		806826EC2005B5B000479FB6 /* ExampleMVVMiOSUITests */ = {
			isa = PBXNativeTarget;
			buildConfigurationList = 806826FC2005B5B000479FB6 /* Build configuration list for PBXNativeTarget "ExampleMVVMiOSUITests" */;
			buildPhases = (
				00961478C2E3F4679557A516 /* [CP] Check Pods Manifest.lock */,
				806826E92005B5B000479FB6 /* Sources */,
				806826EA2005B5B000479FB6 /* Frameworks */,
				806826EB2005B5B000479FB6 /* Resources */,
			);
			buildRules = (
			);
			dependencies = (
				806826EF2005B5B000479FB6 /* PBXTargetDependency */,
			);
			name = ExampleMVVMiOSUITests;
			productName = ExampleMVVMiOSUITests;
			productReference = 806826ED2005B5B000479FB6 /* ExampleMVVMiOSUITests.xctest */;
			productType = "com.apple.product-type.bundle.ui-testing";
		};
/* End PBXNativeTarget section */

/* Begin PBXProject section */
		806826C62005B5AF00479FB6 /* Project object */ = {
			isa = PBXProject;
			attributes = {
				LastSwiftUpdateCheck = 0910;
				LastUpgradeCheck = 0910;
				ORGANIZATIONNAME = "Moises Apaza";
				TargetAttributes = {
					806826CD2005B5AF00479FB6 = {
						CreatedOnToolsVersion = 9.1;
						ProvisioningStyle = Automatic;
					};
					806826E12005B5B000479FB6 = {
						CreatedOnToolsVersion = 9.1;
						ProvisioningStyle = Automatic;
						TestTargetID = 806826CD2005B5AF00479FB6;
					};
					806826EC2005B5B000479FB6 = {
						CreatedOnToolsVersion = 9.1;
						ProvisioningStyle = Automatic;
						TestTargetID = 806826CD2005B5AF00479FB6;
					};
				};
			};
			buildConfigurationList = 806826C92005B5AF00479FB6 /* Build configuration list for PBXProject "ExampleMVVMiOS" */;
			compatibilityVersion = "Xcode 8.0";
			developmentRegion = en;
			hasScannedForEncodings = 0;
			knownRegions = (
				en,
				Base,
			);
			mainGroup = 806826C52005B5AF00479FB6;
			productRefGroup = 806826CF2005B5AF00479FB6 /* Products */;
			projectDirPath = "";
			projectRoot = "";
			targets = (
				806826CD2005B5AF00479FB6 /* ExampleMVVMiOS */,
				806826E12005B5B000479FB6 /* ExampleMVVMiOSTests */,
				806826EC2005B5B000479FB6 /* ExampleMVVMiOSUITests */,
			);
		};
/* End PBXProject section */

/* Begin PBXResourcesBuildPhase section */
		806826CC2005B5AF00479FB6 /* Resources */ = {
			isa = PBXResourcesBuildPhase;
			buildActionMask = 2147483647;
			files = (
				806826DC2005B5B000479FB6 /* LaunchScreen.storyboard in Resources */,
				806826D92005B5B000479FB6 /* Assets.xcassets in Resources */,
				806826D72005B5B000479FB6 /* Main.storyboard in Resources */,
			);
			runOnlyForDeploymentPostprocessing = 0;
		};
		806826E02005B5B000479FB6 /* Resources */ = {
			isa = PBXResourcesBuildPhase;
			buildActionMask = 2147483647;
			files = (
			);
			runOnlyForDeploymentPostprocessing = 0;
		};
		806826EB2005B5B000479FB6 /* Resources */ = {
			isa = PBXResourcesBuildPhase;
			buildActionMask = 2147483647;
			files = (
			);
			runOnlyForDeploymentPostprocessing = 0;
		};
/* End PBXResourcesBuildPhase section */

/* Begin PBXShellScriptBuildPhase section */
		00961478C2E3F4679557A516 /* [CP] Check Pods Manifest.lock */ = {
			isa = PBXShellScriptBuildPhase;
			buildActionMask = 2147483647;
			files = (
			);
			inputPaths = (
				"${PODS_PODFILE_DIR_PATH}/Podfile.lock",
				"${PODS_ROOT}/Manifest.lock",
			);
			name = "[CP] Check Pods Manifest.lock";
			outputPaths = (
				"$(DERIVED_FILE_DIR)/Pods-ExampleMVVMiOSUITests-checkManifestLockResult.txt",
			);
			runOnlyForDeploymentPostprocessing = 0;
			shellPath = /bin/sh;
			shellScript = "diff \"${PODS_PODFILE_DIR_PATH}/Podfile.lock\" \"${PODS_ROOT}/Manifest.lock\" > /dev/null\nif [ $? != 0 ] ; then\n    # print error to STDERR\n    echo \"error: The sandbox is not in sync with the Podfile.lock. Run 'pod install' or update your CocoaPods installation.\" >&2\n    exit 1\nfi\n# This output is used by Xcode 'outputs' to avoid re-running this script phase.\necho \"SUCCESS\" > \"${SCRIPT_OUTPUT_FILE_0}\"\n";
			showEnvVarsInLog = 0;
		};
		23BA88A448B1C11B3618B674 /* [CP] Check Pods Manifest.lock */ = {
			isa = PBXShellScriptBuildPhase;
			buildActionMask = 2147483647;
			files = (
			);
			inputPaths = (
				"${PODS_PODFILE_DIR_PATH}/Podfile.lock",
				"${PODS_ROOT}/Manifest.lock",
			);
			name = "[CP] Check Pods Manifest.lock";
			outputPaths = (
				"$(DERIVED_FILE_DIR)/Pods-ExampleMVVMiOS-checkManifestLockResult.txt",
			);
			runOnlyForDeploymentPostprocessing = 0;
			shellPath = /bin/sh;
			shellScript = "diff \"${PODS_PODFILE_DIR_PATH}/Podfile.lock\" \"${PODS_ROOT}/Manifest.lock\" > /dev/null\nif [ $? != 0 ] ; then\n    # print error to STDERR\n    echo \"error: The sandbox is not in sync with the Podfile.lock. Run 'pod install' or update your CocoaPods installation.\" >&2\n    exit 1\nfi\n# This output is used by Xcode 'outputs' to avoid re-running this script phase.\necho \"SUCCESS\" > \"${SCRIPT_OUTPUT_FILE_0}\"\n";
			showEnvVarsInLog = 0;
		};
		739D6E6951F228DFDC4C04C9 /* [CP] Embed Pods Frameworks */ = {
			isa = PBXShellScriptBuildPhase;
			buildActionMask = 2147483647;
			files = (
			);
			inputPaths = (
				"${SRCROOT}/Pods/Target Support Files/Pods-ExampleMVVMiOS/Pods-ExampleMVVMiOS-frameworks.sh",
				"${BUILT_PRODUCTS_DIR}/Alamofire/Alamofire.framework",
				"${BUILT_PRODUCTS_DIR}/IHKeyboardAvoiding/IHKeyboardAvoiding.framework",
				"${BUILT_PRODUCTS_DIR}/Kingfisher/Kingfisher.framework",
				"${BUILT_PRODUCTS_DIR}/RAMAnimatedTabBarController/RAMAnimatedTabBarController.framework",
				"${BUILT_PRODUCTS_DIR}/Realm/Realm.framework",
				"${BUILT_PRODUCTS_DIR}/RealmSwift/RealmSwift.framework",
				"${BUILT_PRODUCTS_DIR}/RxAlamofire/RxAlamofire.framework",
				"${BUILT_PRODUCTS_DIR}/RxSwift/RxSwift.framework",
				"${BUILT_PRODUCTS_DIR}/SnapKit/SnapKit.framework",
			);
			name = "[CP] Embed Pods Frameworks";
			outputPaths = (
				"${TARGET_BUILD_DIR}/${FRAMEWORKS_FOLDER_PATH}/Alamofire.framework",
				"${TARGET_BUILD_DIR}/${FRAMEWORKS_FOLDER_PATH}/IHKeyboardAvoiding.framework",
				"${TARGET_BUILD_DIR}/${FRAMEWORKS_FOLDER_PATH}/Kingfisher.framework",
				"${TARGET_BUILD_DIR}/${FRAMEWORKS_FOLDER_PATH}/RAMAnimatedTabBarController.framework",
				"${TARGET_BUILD_DIR}/${FRAMEWORKS_FOLDER_PATH}/Realm.framework",
				"${TARGET_BUILD_DIR}/${FRAMEWORKS_FOLDER_PATH}/RealmSwift.framework",
				"${TARGET_BUILD_DIR}/${FRAMEWORKS_FOLDER_PATH}/RxAlamofire.framework",
				"${TARGET_BUILD_DIR}/${FRAMEWORKS_FOLDER_PATH}/RxSwift.framework",
				"${TARGET_BUILD_DIR}/${FRAMEWORKS_FOLDER_PATH}/SnapKit.framework",
			);
			runOnlyForDeploymentPostprocessing = 0;
			shellPath = /bin/sh;
			shellScript = "\"${SRCROOT}/Pods/Target Support Files/Pods-ExampleMVVMiOS/Pods-ExampleMVVMiOS-frameworks.sh\"\n";
			showEnvVarsInLog = 0;
		};
		A35671D50F18A38352DA855B /* [CP] Check Pods Manifest.lock */ = {
			isa = PBXShellScriptBuildPhase;
			buildActionMask = 2147483647;
			files = (
			);
			inputPaths = (
				"${PODS_PODFILE_DIR_PATH}/Podfile.lock",
				"${PODS_ROOT}/Manifest.lock",
			);
			name = "[CP] Check Pods Manifest.lock";
			outputPaths = (
				"$(DERIVED_FILE_DIR)/Pods-ExampleMVVMiOSTests-checkManifestLockResult.txt",
			);
			runOnlyForDeploymentPostprocessing = 0;
			shellPath = /bin/sh;
			shellScript = "diff \"${PODS_PODFILE_DIR_PATH}/Podfile.lock\" \"${PODS_ROOT}/Manifest.lock\" > /dev/null\nif [ $? != 0 ] ; then\n    # print error to STDERR\n    echo \"error: The sandbox is not in sync with the Podfile.lock. Run 'pod install' or update your CocoaPods installation.\" >&2\n    exit 1\nfi\n# This output is used by Xcode 'outputs' to avoid re-running this script phase.\necho \"SUCCESS\" > \"${SCRIPT_OUTPUT_FILE_0}\"\n";
			showEnvVarsInLog = 0;
		};
/* End PBXShellScriptBuildPhase section */

/* Begin PBXSourcesBuildPhase section */
		806826CA2005B5AF00479FB6 /* Sources */ = {
			isa = PBXSourcesBuildPhase;
			buildActionMask = 2147483647;
			files = (
				806827062005D25D00479FB6 /* MainNavigationController.swift in Sources */,
				8052082820071E090054B901 /* PetCell.swift in Sources */,
				80EFCC02200DAF860002091D /* BaseController.swift in Sources */,
				806827002005CCD700479FB6 /* Pet.swift in Sources */,
				80EFCC04200DB09B0002091D /* PetDetailViewModel.swift in Sources */,
				8068270D2005D90200479FB6 /* ViewExtensions.swift in Sources */,
				80C7B3F72009AF4D00450393 /* PetsViewModelRepresentable.swift in Sources */,
				8052082320070A050054B901 /* BaseParser.swift in Sources */,
				8066D7D4200F044D00DF22C6 /* LeftPaddedTextField.swift in Sources */,
				80C7B3F92009C42D00450393 /* PetsViewModelDelegate.swift in Sources */,
				8052082520071DF10054B901 /* BaseCell.swift in Sources */,
				8052082A200732890054B901 /* PetsViewModel.swift in Sources */,
				8066D7CD200F009200DF22C6 /* CustomTabBarController.swift in Sources */,
				806827082005D2FE00479FB6 /* PetsCollectionController.swift in Sources */,
				806827122005E10B00479FB6 /* ControllerContract.swift in Sources */,
				80EFCC06200DB0C90002091D /* PetDetailModelRepresentable.swift in Sources */,
				805208192007036C0054B901 /* ServiceManager.swift in Sources */,
				8052081C200703A10054B901 /* ServiceContract.swift in Sources */,
				80EFCC00200DAF3A0002091D /* PetDetailController.swift in Sources */,
				8052081E200706200054B901 /* API.swift in Sources */,
				8066D7D0200F03CF00DF22C6 /* SearchController.swift in Sources */,
				8068270B2005D8A300479FB6 /* BaseCollectionController.swift in Sources */,
				8066D7D2200F03EC00DF22C6 /* SearchViewModel.swift in Sources */,
				806826D22005B5AF00479FB6 /* AppDelegate.swift in Sources */,
				8068270F2005D94F00479FB6 /* UtilsExtensions.swift in Sources */,
				80520821200708B50054B901 /* PetParser.swift in Sources */,
			);
			runOnlyForDeploymentPostprocessing = 0;
		};
		806826DE2005B5B000479FB6 /* Sources */ = {
			isa = PBXSourcesBuildPhase;
			buildActionMask = 2147483647;
			files = (
				806826E72005B5B000479FB6 /* ExampleMVVMiOSTests.swift in Sources */,
			);
			runOnlyForDeploymentPostprocessing = 0;
		};
		806826E92005B5B000479FB6 /* Sources */ = {
			isa = PBXSourcesBuildPhase;
			buildActionMask = 2147483647;
			files = (
				806826F22005B5B000479FB6 /* ExampleMVVMiOSUITests.swift in Sources */,
			);
			runOnlyForDeploymentPostprocessing = 0;
		};
/* End PBXSourcesBuildPhase section */

/* Begin PBXTargetDependency section */
		806826E42005B5B000479FB6 /* PBXTargetDependency */ = {
			isa = PBXTargetDependency;
			target = 806826CD2005B5AF00479FB6 /* ExampleMVVMiOS */;
			targetProxy = 806826E32005B5B000479FB6 /* PBXContainerItemProxy */;
		};
		806826EF2005B5B000479FB6 /* PBXTargetDependency */ = {
			isa = PBXTargetDependency;
			target = 806826CD2005B5AF00479FB6 /* ExampleMVVMiOS */;
			targetProxy = 806826EE2005B5B000479FB6 /* PBXContainerItemProxy */;
		};
/* End PBXTargetDependency section */

/* Begin PBXVariantGroup section */
		806826D52005B5B000479FB6 /* Main.storyboard */ = {
			isa = PBXVariantGroup;
			children = (
				806826D62005B5B000479FB6 /* Base */,
			);
			name = Main.storyboard;
			sourceTree = "<group>";
		};
		806826DA2005B5B000479FB6 /* LaunchScreen.storyboard */ = {
			isa = PBXVariantGroup;
			children = (
				806826DB2005B5B000479FB6 /* Base */,
			);
			name = LaunchScreen.storyboard;
			sourceTree = "<group>";
		};
/* End PBXVariantGroup section */

/* Begin XCBuildConfiguration section */
		806826F42005B5B000479FB6 /* Debug */ = {
			isa = XCBuildConfiguration;
			buildSettings = {
				ALWAYS_SEARCH_USER_PATHS = NO;
				CLANG_ANALYZER_NONNULL = YES;
				CLANG_ANALYZER_NUMBER_OBJECT_CONVERSION = YES_AGGRESSIVE;
				CLANG_CXX_LANGUAGE_STANDARD = "gnu++14";
				CLANG_CXX_LIBRARY = "libc++";
				CLANG_ENABLE_MODULES = YES;
				CLANG_ENABLE_OBJC_ARC = YES;
				CLANG_WARN_BLOCK_CAPTURE_AUTORELEASING = YES;
				CLANG_WARN_BOOL_CONVERSION = YES;
				CLANG_WARN_COMMA = YES;
				CLANG_WARN_CONSTANT_CONVERSION = YES;
				CLANG_WARN_DIRECT_OBJC_ISA_USAGE = YES_ERROR;
				CLANG_WARN_DOCUMENTATION_COMMENTS = YES;
				CLANG_WARN_EMPTY_BODY = YES;
				CLANG_WARN_ENUM_CONVERSION = YES;
				CLANG_WARN_INFINITE_RECURSION = YES;
				CLANG_WARN_INT_CONVERSION = YES;
				CLANG_WARN_NON_LITERAL_NULL_CONVERSION = YES;
				CLANG_WARN_OBJC_LITERAL_CONVERSION = YES;
				CLANG_WARN_OBJC_ROOT_CLASS = YES_ERROR;
				CLANG_WARN_RANGE_LOOP_ANALYSIS = YES;
				CLANG_WARN_STRICT_PROTOTYPES = YES;
				CLANG_WARN_SUSPICIOUS_MOVE = YES;
				CLANG_WARN_UNGUARDED_AVAILABILITY = YES_AGGRESSIVE;
				CLANG_WARN_UNREACHABLE_CODE = YES;
				CLANG_WARN__DUPLICATE_METHOD_MATCH = YES;
				CODE_SIGN_IDENTITY = "iPhone Developer";
				COPY_PHASE_STRIP = NO;
				DEBUG_INFORMATION_FORMAT = dwarf;
				ENABLE_STRICT_OBJC_MSGSEND = YES;
				ENABLE_TESTABILITY = YES;
				GCC_C_LANGUAGE_STANDARD = gnu11;
				GCC_DYNAMIC_NO_PIC = NO;
				GCC_NO_COMMON_BLOCKS = YES;
				GCC_OPTIMIZATION_LEVEL = 0;
				GCC_PREPROCESSOR_DEFINITIONS = (
					"DEBUG=1",
					"$(inherited)",
				);
				GCC_WARN_64_TO_32_BIT_CONVERSION = YES;
				GCC_WARN_ABOUT_RETURN_TYPE = YES_ERROR;
				GCC_WARN_UNDECLARED_SELECTOR = YES;
				GCC_WARN_UNINITIALIZED_AUTOS = YES_AGGRESSIVE;
				GCC_WARN_UNUSED_FUNCTION = YES;
				GCC_WARN_UNUSED_VARIABLE = YES;
				IPHONEOS_DEPLOYMENT_TARGET = 11.1;
				MTL_ENABLE_DEBUG_INFO = YES;
				ONLY_ACTIVE_ARCH = YES;
				SDKROOT = iphoneos;
				SWIFT_ACTIVE_COMPILATION_CONDITIONS = DEBUG;
				SWIFT_OPTIMIZATION_LEVEL = "-Onone";
			};
			name = Debug;
		};
		806826F52005B5B000479FB6 /* Release */ = {
			isa = XCBuildConfiguration;
			buildSettings = {
				ALWAYS_SEARCH_USER_PATHS = NO;
				CLANG_ANALYZER_NONNULL = YES;
				CLANG_ANALYZER_NUMBER_OBJECT_CONVERSION = YES_AGGRESSIVE;
				CLANG_CXX_LANGUAGE_STANDARD = "gnu++14";
				CLANG_CXX_LIBRARY = "libc++";
				CLANG_ENABLE_MODULES = YES;
				CLANG_ENABLE_OBJC_ARC = YES;
				CLANG_WARN_BLOCK_CAPTURE_AUTORELEASING = YES;
				CLANG_WARN_BOOL_CONVERSION = YES;
				CLANG_WARN_COMMA = YES;
				CLANG_WARN_CONSTANT_CONVERSION = YES;
				CLANG_WARN_DIRECT_OBJC_ISA_USAGE = YES_ERROR;
				CLANG_WARN_DOCUMENTATION_COMMENTS = YES;
				CLANG_WARN_EMPTY_BODY = YES;
				CLANG_WARN_ENUM_CONVERSION = YES;
				CLANG_WARN_INFINITE_RECURSION = YES;
				CLANG_WARN_INT_CONVERSION = YES;
				CLANG_WARN_NON_LITERAL_NULL_CONVERSION = YES;
				CLANG_WARN_OBJC_LITERAL_CONVERSION = YES;
				CLANG_WARN_OBJC_ROOT_CLASS = YES_ERROR;
				CLANG_WARN_RANGE_LOOP_ANALYSIS = YES;
				CLANG_WARN_STRICT_PROTOTYPES = YES;
				CLANG_WARN_SUSPICIOUS_MOVE = YES;
				CLANG_WARN_UNGUARDED_AVAILABILITY = YES_AGGRESSIVE;
				CLANG_WARN_UNREACHABLE_CODE = YES;
				CLANG_WARN__DUPLICATE_METHOD_MATCH = YES;
				CODE_SIGN_IDENTITY = "iPhone Developer";
				COPY_PHASE_STRIP = NO;
				DEBUG_INFORMATION_FORMAT = "dwarf-with-dsym";
				ENABLE_NS_ASSERTIONS = NO;
				ENABLE_STRICT_OBJC_MSGSEND = YES;
				GCC_C_LANGUAGE_STANDARD = gnu11;
				GCC_NO_COMMON_BLOCKS = YES;
				GCC_WARN_64_TO_32_BIT_CONVERSION = YES;
				GCC_WARN_ABOUT_RETURN_TYPE = YES_ERROR;
				GCC_WARN_UNDECLARED_SELECTOR = YES;
				GCC_WARN_UNINITIALIZED_AUTOS = YES_AGGRESSIVE;
				GCC_WARN_UNUSED_FUNCTION = YES;
				GCC_WARN_UNUSED_VARIABLE = YES;
				IPHONEOS_DEPLOYMENT_TARGET = 11.1;
				MTL_ENABLE_DEBUG_INFO = NO;
				SDKROOT = iphoneos;
				SWIFT_OPTIMIZATION_LEVEL = "-Owholemodule";
				VALIDATE_PRODUCT = YES;
			};
			name = Release;
		};
		806826F72005B5B000479FB6 /* Debug */ = {
			isa = XCBuildConfiguration;
			baseConfigurationReference = A4C37A4A02647C3E881AD9E5 /* Pods-ExampleMVVMiOS.debug.xcconfig */;
			buildSettings = {
				ASSETCATALOG_COMPILER_APPICON_NAME = AppIcon;
				"CODE_SIGN_IDENTITY[sdk=*]" = "iPhone Developer";
				CODE_SIGN_STYLE = Automatic;
				DEVELOPMENT_TEAM = ZSXYEEKMEG;
				INFOPLIST_FILE = ExampleMVVMiOS/Info.plist;
				IPHONEOS_DEPLOYMENT_TARGET = 11.1;
				LD_RUNPATH_SEARCH_PATHS = "$(inherited) @executable_path/Frameworks";
				PRODUCT_BUNDLE_IDENTIFIER = com.moises.ExampleMVVMiOS;
				PRODUCT_NAME = "$(TARGET_NAME)";
				PROVISIONING_PROFILE_SPECIFIER = "";
				SWIFT_VERSION = 4.0;
				TARGETED_DEVICE_FAMILY = "1,2";
			};
			name = Debug;
		};
		806826F82005B5B000479FB6 /* Release */ = {
			isa = XCBuildConfiguration;
			baseConfigurationReference = 1CD9D26AAF9C5A36D9598C51 /* Pods-ExampleMVVMiOS.release.xcconfig */;
			buildSettings = {
				ASSETCATALOG_COMPILER_APPICON_NAME = AppIcon;
				"CODE_SIGN_IDENTITY[sdk=*]" = "iPhone Developer";
				CODE_SIGN_STYLE = Automatic;
				DEVELOPMENT_TEAM = ZSXYEEKMEG;
				INFOPLIST_FILE = ExampleMVVMiOS/Info.plist;
				IPHONEOS_DEPLOYMENT_TARGET = 11.1;
				LD_RUNPATH_SEARCH_PATHS = "$(inherited) @executable_path/Frameworks";
				PRODUCT_BUNDLE_IDENTIFIER = com.moises.ExampleMVVMiOS;
				PRODUCT_NAME = "$(TARGET_NAME)";
				PROVISIONING_PROFILE_SPECIFIER = "";
				SWIFT_VERSION = 4.0;
				TARGETED_DEVICE_FAMILY = "1,2";
			};
			name = Release;
		};
		806826FA2005B5B000479FB6 /* Debug */ = {
			isa = XCBuildConfiguration;
			baseConfigurationReference = E06C06E188043D9A1CBAB845 /* Pods-ExampleMVVMiOSTests.debug.xcconfig */;
			buildSettings = {
				ALWAYS_EMBED_SWIFT_STANDARD_LIBRARIES = YES;
				BUNDLE_LOADER = "$(TEST_HOST)";
				CODE_SIGN_STYLE = Automatic;
				INFOPLIST_FILE = ExampleMVVMiOSTests/Info.plist;
				LD_RUNPATH_SEARCH_PATHS = "$(inherited) @executable_path/Frameworks @loader_path/Frameworks";
				PRODUCT_BUNDLE_IDENTIFIER = com.moises.ExampleMVVMiOSTests;
				PRODUCT_NAME = "$(TARGET_NAME)";
				SWIFT_VERSION = 4.0;
				TARGETED_DEVICE_FAMILY = "1,2";
				TEST_HOST = "$(BUILT_PRODUCTS_DIR)/ExampleMVVMiOS.app/ExampleMVVMiOS";
			};
			name = Debug;
		};
		806826FB2005B5B000479FB6 /* Release */ = {
			isa = XCBuildConfiguration;
			baseConfigurationReference = 6B1C0F12CA366CBD9C39F8C6 /* Pods-ExampleMVVMiOSTests.release.xcconfig */;
			buildSettings = {
				ALWAYS_EMBED_SWIFT_STANDARD_LIBRARIES = YES;
				BUNDLE_LOADER = "$(TEST_HOST)";
				CODE_SIGN_STYLE = Automatic;
				INFOPLIST_FILE = ExampleMVVMiOSTests/Info.plist;
				LD_RUNPATH_SEARCH_PATHS = "$(inherited) @executable_path/Frameworks @loader_path/Frameworks";
				PRODUCT_BUNDLE_IDENTIFIER = com.moises.ExampleMVVMiOSTests;
				PRODUCT_NAME = "$(TARGET_NAME)";
				SWIFT_VERSION = 4.0;
				TARGETED_DEVICE_FAMILY = "1,2";
				TEST_HOST = "$(BUILT_PRODUCTS_DIR)/ExampleMVVMiOS.app/ExampleMVVMiOS";
			};
			name = Release;
		};
		806826FD2005B5B000479FB6 /* Debug */ = {
			isa = XCBuildConfiguration;
			baseConfigurationReference = 1E8ECB5F46B0D0E81A3964B9 /* Pods-ExampleMVVMiOSUITests.debug.xcconfig */;
			buildSettings = {
				ALWAYS_EMBED_SWIFT_STANDARD_LIBRARIES = YES;
				CODE_SIGN_STYLE = Automatic;
				INFOPLIST_FILE = ExampleMVVMiOSUITests/Info.plist;
				LD_RUNPATH_SEARCH_PATHS = "$(inherited) @executable_path/Frameworks @loader_path/Frameworks";
				PRODUCT_BUNDLE_IDENTIFIER = com.moises.ExampleMVVMiOSUITests;
				PRODUCT_NAME = "$(TARGET_NAME)";
				SWIFT_VERSION = 4.0;
				TARGETED_DEVICE_FAMILY = "1,2";
				TEST_TARGET_NAME = ExampleMVVMiOS;
			};
			name = Debug;
		};
		806826FE2005B5B000479FB6 /* Release */ = {
			isa = XCBuildConfiguration;
			baseConfigurationReference = 284D12C28114B1786897C3E4 /* Pods-ExampleMVVMiOSUITests.release.xcconfig */;
			buildSettings = {
				ALWAYS_EMBED_SWIFT_STANDARD_LIBRARIES = YES;
				CODE_SIGN_STYLE = Automatic;
				INFOPLIST_FILE = ExampleMVVMiOSUITests/Info.plist;
				LD_RUNPATH_SEARCH_PATHS = "$(inherited) @executable_path/Frameworks @loader_path/Frameworks";
				PRODUCT_BUNDLE_IDENTIFIER = com.moises.ExampleMVVMiOSUITests;
				PRODUCT_NAME = "$(TARGET_NAME)";
				SWIFT_VERSION = 4.0;
				TARGETED_DEVICE_FAMILY = "1,2";
				TEST_TARGET_NAME = ExampleMVVMiOS;
			};
			name = Release;
		};
/* End XCBuildConfiguration section */

/* Begin XCConfigurationList section */
		806826C92005B5AF00479FB6 /* Build configuration list for PBXProject "ExampleMVVMiOS" */ = {
			isa = XCConfigurationList;
			buildConfigurations = (
				806826F42005B5B000479FB6 /* Debug */,
				806826F52005B5B000479FB6 /* Release */,
			);
			defaultConfigurationIsVisible = 0;
			defaultConfigurationName = Release;
		};
		806826F62005B5B000479FB6 /* Build configuration list for PBXNativeTarget "ExampleMVVMiOS" */ = {
			isa = XCConfigurationList;
			buildConfigurations = (
				806826F72005B5B000479FB6 /* Debug */,
				806826F82005B5B000479FB6 /* Release */,
			);
			defaultConfigurationIsVisible = 0;
			defaultConfigurationName = Release;
		};
		806826F92005B5B000479FB6 /* Build configuration list for PBXNativeTarget "ExampleMVVMiOSTests" */ = {
			isa = XCConfigurationList;
			buildConfigurations = (
				806826FA2005B5B000479FB6 /* Debug */,
				806826FB2005B5B000479FB6 /* Release */,
			);
			defaultConfigurationIsVisible = 0;
			defaultConfigurationName = Release;
		};
		806826FC2005B5B000479FB6 /* Build configuration list for PBXNativeTarget "ExampleMVVMiOSUITests" */ = {
			isa = XCConfigurationList;
			buildConfigurations = (
				806826FD2005B5B000479FB6 /* Debug */,
				806826FE2005B5B000479FB6 /* Release */,
			);
			defaultConfigurationIsVisible = 0;
			defaultConfigurationName = Release;
		};
/* End XCConfigurationList section */
	};
	rootObject = 806826C62005B5AF00479FB6 /* Project object */;
}
